// !$*UTF8*$!
{
	archiveVersion = 1;
	classes = {
	};
	objectVersion = 56;
	objects = {

/* Begin PBXBuildFile section */
		C55D835A2B836EC5006C7DC8 /* Color+Extentions.swift in Sources */ = {isa = PBXBuildFile; fileRef = C55D83592B836EC5006C7DC8 /* Color+Extentions.swift */; };
		C55D835C2B8376AE006C7DC8 /* OAuthButton.swift in Sources */ = {isa = PBXBuildFile; fileRef = C55D835B2B8376AE006C7DC8 /* OAuthButton.swift */; };
		C55D835E2B8377E8006C7DC8 /* ActionButton.swift in Sources */ = {isa = PBXBuildFile; fileRef = C55D835D2B8377E8006C7DC8 /* ActionButton.swift */; };
		C55D83602B8379CF006C7DC8 /* PasswordField.swift in Sources */ = {isa = PBXBuildFile; fileRef = C55D835F2B8379CF006C7DC8 /* PasswordField.swift */; };
		C55D83622B837AD0006C7DC8 /* EmailField.swift in Sources */ = {isa = PBXBuildFile; fileRef = C55D83612B837AD0006C7DC8 /* EmailField.swift */; };
		C55D83642B837B73006C7DC8 /* FieldErrorMessage.swift in Sources */ = {isa = PBXBuildFile; fileRef = C55D83632B837B73006C7DC8 /* FieldErrorMessage.swift */; };
		C56A48542B80D9AD0045675F /* MusicRoomApp.swift in Sources */ = {isa = PBXBuildFile; fileRef = C56A48532B80D9AD0045675F /* MusicRoomApp.swift */; };
		C56A48562B80D9AD0045675F /* ContentView.swift in Sources */ = {isa = PBXBuildFile; fileRef = C56A48552B80D9AD0045675F /* ContentView.swift */; };
		C56A48582B80D9AE0045675F /* Assets.xcassets in Resources */ = {isa = PBXBuildFile; fileRef = C56A48572B80D9AE0045675F /* Assets.xcassets */; };
		C56A485B2B80D9AE0045675F /* Preview Assets.xcassets in Resources */ = {isa = PBXBuildFile; fileRef = C56A485A2B80D9AE0045675F /* Preview Assets.xcassets */; };
		C56A48672B80DBDF0045675F /* LoginView.swift in Sources */ = {isa = PBXBuildFile; fileRef = C56A48662B80DBDF0045675F /* LoginView.swift */; };
		C56A48692B80DBF00045675F /* SignUpView.swift in Sources */ = {isa = PBXBuildFile; fileRef = C56A48682B80DBF00045675F /* SignUpView.swift */; };
		C56A486B2B80DDB00045675F /* ResetPasswordFindAccount.swift in Sources */ = {isa = PBXBuildFile; fileRef = C56A486A2B80DDB00045675F /* ResetPasswordFindAccount.swift */; };
		C56A486D2B80DDD90045675F /* ResetPasswordVerificationCode.swift in Sources */ = {isa = PBXBuildFile; fileRef = C56A486C2B80DDD90045675F /* ResetPasswordVerificationCode.swift */; };
		C56A486F2B80DDF20045675F /* ResetPasswordNewPassword.swift in Sources */ = {isa = PBXBuildFile; fileRef = C56A486E2B80DDF20045675F /* ResetPasswordNewPassword.swift */; };
		C56A48722B80DE4B0045675F /* NewPassword.swift in Sources */ = {isa = PBXBuildFile; fileRef = C56A48712B80DE4B0045675F /* NewPassword.swift */; };
		C56A48742B80DE890045675F /* SpotifyAuthentication.swift in Sources */ = {isa = PBXBuildFile; fileRef = C56A48732B80DE890045675F /* SpotifyAuthentication.swift */; };
		C56A48772B80DF0F0045675F /* HomeTabView.swift in Sources */ = {isa = PBXBuildFile; fileRef = C56A48762B80DF0F0045675F /* HomeTabView.swift */; };
		C56A48792B80DF7E0045675F /* HomeView.swift in Sources */ = {isa = PBXBuildFile; fileRef = C56A48782B80DF7E0045675F /* HomeView.swift */; };
		C56A487C2B80DFA70045675F /* PlaylistsView.swift in Sources */ = {isa = PBXBuildFile; fileRef = C56A487B2B80DFA70045675F /* PlaylistsView.swift */; };
		C56A487E2B80DFBC0045675F /* PartiesView.swift in Sources */ = {isa = PBXBuildFile; fileRef = C56A487D2B80DFBC0045675F /* PartiesView.swift */; };
		C56A48802B80DFE70045675F /* ProfileView.swift in Sources */ = {isa = PBXBuildFile; fileRef = C56A487F2B80DFE70045675F /* ProfileView.swift */; };
		C56A48822B80E5F10045675F /* InputValidator.swift in Sources */ = {isa = PBXBuildFile; fileRef = C56A48812B80E5F10045675F /* InputValidator.swift */; };
/* End PBXBuildFile section */

/* Begin PBXFileReference section */
		C55D83592B836EC5006C7DC8 /* Color+Extentions.swift */ = {isa = PBXFileReference; lastKnownFileType = sourcecode.swift; path = "Color+Extentions.swift"; sourceTree = "<group>"; };
		C55D835B2B8376AE006C7DC8 /* OAuthButton.swift */ = {isa = PBXFileReference; lastKnownFileType = sourcecode.swift; path = OAuthButton.swift; sourceTree = "<group>"; };
		C55D835D2B8377E8006C7DC8 /* ActionButton.swift */ = {isa = PBXFileReference; lastKnownFileType = sourcecode.swift; path = ActionButton.swift; sourceTree = "<group>"; };
		C55D835F2B8379CF006C7DC8 /* PasswordField.swift */ = {isa = PBXFileReference; lastKnownFileType = sourcecode.swift; path = PasswordField.swift; sourceTree = "<group>"; };
		C55D83612B837AD0006C7DC8 /* EmailField.swift */ = {isa = PBXFileReference; lastKnownFileType = sourcecode.swift; path = EmailField.swift; sourceTree = "<group>"; };
		C55D83632B837B73006C7DC8 /* FieldErrorMessage.swift */ = {isa = PBXFileReference; lastKnownFileType = sourcecode.swift; path = FieldErrorMessage.swift; sourceTree = "<group>"; };
		C56A48502B80D9AD0045675F /* MusicRoom.app */ = {isa = PBXFileReference; explicitFileType = wrapper.application; includeInIndex = 0; path = MusicRoom.app; sourceTree = BUILT_PRODUCTS_DIR; };
		C56A48532B80D9AD0045675F /* MusicRoomApp.swift */ = {isa = PBXFileReference; lastKnownFileType = sourcecode.swift; path = MusicRoomApp.swift; sourceTree = "<group>"; };
		C56A48552B80D9AD0045675F /* ContentView.swift */ = {isa = PBXFileReference; lastKnownFileType = sourcecode.swift; path = ContentView.swift; sourceTree = "<group>"; };
		C56A48572B80D9AE0045675F /* Assets.xcassets */ = {isa = PBXFileReference; lastKnownFileType = folder.assetcatalog; path = Assets.xcassets; sourceTree = "<group>"; };
		C56A485A2B80D9AE0045675F /* Preview Assets.xcassets */ = {isa = PBXFileReference; lastKnownFileType = folder.assetcatalog; path = "Preview Assets.xcassets"; sourceTree = "<group>"; };
		C56A48662B80DBDF0045675F /* LoginView.swift */ = {isa = PBXFileReference; lastKnownFileType = sourcecode.swift; path = LoginView.swift; sourceTree = "<group>"; };
		C56A48682B80DBF00045675F /* SignUpView.swift */ = {isa = PBXFileReference; lastKnownFileType = sourcecode.swift; path = SignUpView.swift; sourceTree = "<group>"; };
		C56A486A2B80DDB00045675F /* ResetPasswordFindAccount.swift */ = {isa = PBXFileReference; lastKnownFileType = sourcecode.swift; path = ResetPasswordFindAccount.swift; sourceTree = "<group>"; };
		C56A486C2B80DDD90045675F /* ResetPasswordVerificationCode.swift */ = {isa = PBXFileReference; lastKnownFileType = sourcecode.swift; path = ResetPasswordVerificationCode.swift; sourceTree = "<group>"; };
		C56A486E2B80DDF20045675F /* ResetPasswordNewPassword.swift */ = {isa = PBXFileReference; lastKnownFileType = sourcecode.swift; path = ResetPasswordNewPassword.swift; sourceTree = "<group>"; };
		C56A48712B80DE4B0045675F /* NewPassword.swift */ = {isa = PBXFileReference; lastKnownFileType = sourcecode.swift; path = NewPassword.swift; sourceTree = "<group>"; };
		C56A48732B80DE890045675F /* SpotifyAuthentication.swift */ = {isa = PBXFileReference; lastKnownFileType = sourcecode.swift; path = SpotifyAuthentication.swift; sourceTree = "<group>"; };
		C56A48762B80DF0F0045675F /* HomeTabView.swift */ = {isa = PBXFileReference; lastKnownFileType = sourcecode.swift; path = HomeTabView.swift; sourceTree = "<group>"; };
		C56A48782B80DF7E0045675F /* HomeView.swift */ = {isa = PBXFileReference; lastKnownFileType = sourcecode.swift; path = HomeView.swift; sourceTree = "<group>"; };
		C56A487B2B80DFA70045675F /* PlaylistsView.swift */ = {isa = PBXFileReference; lastKnownFileType = sourcecode.swift; path = PlaylistsView.swift; sourceTree = "<group>"; };
		C56A487D2B80DFBC0045675F /* PartiesView.swift */ = {isa = PBXFileReference; lastKnownFileType = sourcecode.swift; path = PartiesView.swift; sourceTree = "<group>"; };
		C56A487F2B80DFE70045675F /* ProfileView.swift */ = {isa = PBXFileReference; lastKnownFileType = sourcecode.swift; path = ProfileView.swift; sourceTree = "<group>"; };
		C56A48812B80E5F10045675F /* InputValidator.swift */ = {isa = PBXFileReference; lastKnownFileType = sourcecode.swift; path = InputValidator.swift; sourceTree = "<group>"; };
/* End PBXFileReference section */

/* Begin PBXFrameworksBuildPhase section */
		C56A484D2B80D9AD0045675F /* Frameworks */ = {
			isa = PBXFrameworksBuildPhase;
			buildActionMask = 2147483647;
			files = (
			);
			runOnlyForDeploymentPostprocessing = 0;
		};
/* End PBXFrameworksBuildPhase section */

/* Begin PBXGroup section */
		C55D83582B836EAF006C7DC8 /* Extensions */ = {
			isa = PBXGroup;
			children = (
				C55D83592B836EC5006C7DC8 /* Color+Extentions.swift */,
			);
			path = Extensions;
			sourceTree = "<group>";
		};
		C56A48472B80D9AD0045675F = {
			isa = PBXGroup;
			children = (
				C56A48522B80D9AD0045675F /* MusicRoom */,
				C56A48512B80D9AD0045675F /* Products */,
			);
			sourceTree = "<group>";
		};
		C56A48512B80D9AD0045675F /* Products */ = {
			isa = PBXGroup;
			children = (
				C56A48502B80D9AD0045675F /* MusicRoom.app */,
			);
			name = Products;
			sourceTree = "<group>";
		};
		C56A48522B80D9AD0045675F /* MusicRoom */ = {
			isa = PBXGroup;
			children = (
				C55D83582B836EAF006C7DC8 /* Extensions */,
				C56A48652B80DBB60045675F /* Utils */,
				C56A48642B80DBAE0045675F /* Models */,
				C56A48632B80DBA60045675F /* ViewModels */,
				C56A48622B80DB9E0045675F /* Views */,
				C56A48612B80DB900045675F /* Pages */,
				C56A48532B80D9AD0045675F /* MusicRoomApp.swift */,
				C56A48572B80D9AE0045675F /* Assets.xcassets */,
				C56A48592B80D9AE0045675F /* Preview Content */,
			);
			path = MusicRoom;
			sourceTree = "<group>";
		};
		C56A48592B80D9AE0045675F /* Preview Content */ = {
			isa = PBXGroup;
			children = (
				C56A485A2B80D9AE0045675F /* Preview Assets.xcassets */,
			);
			path = "Preview Content";
			sourceTree = "<group>";
		};
		C56A48612B80DB900045675F /* Pages */ = {
			isa = PBXGroup;
			children = (
				C56A48752B80DEE60045675F /* Home */,
				C56A48702B80DE0C0045675F /* Auth */,
				C56A48552B80D9AD0045675F /* ContentView.swift */,
			);
			path = Pages;
			sourceTree = "<group>";
		};
		C56A48622B80DB9E0045675F /* Views */ = {
			isa = PBXGroup;
			children = (
				C55D835B2B8376AE006C7DC8 /* OAuthButton.swift */,
				C55D835D2B8377E8006C7DC8 /* ActionButton.swift */,
				C55D835F2B8379CF006C7DC8 /* PasswordField.swift */,
				C55D83612B837AD0006C7DC8 /* EmailField.swift */,
				C55D83632B837B73006C7DC8 /* FieldErrorMessage.swift */,
			);
			path = Views;
			sourceTree = "<group>";
		};
		C56A48632B80DBA60045675F /* ViewModels */ = {
			isa = PBXGroup;
			children = (
			);
			path = ViewModels;
			sourceTree = "<group>";
		};
		C56A48642B80DBAE0045675F /* Models */ = {
			isa = PBXGroup;
			children = (
			);
			path = Models;
			sourceTree = "<group>";
		};
		C56A48652B80DBB60045675F /* Utils */ = {
			isa = PBXGroup;
			children = (
				C56A48812B80E5F10045675F /* InputValidator.swift */,
			);
			path = Utils;
			sourceTree = "<group>";
		};
		C56A48702B80DE0C0045675F /* Auth */ = {
			isa = PBXGroup;
			children = (
				C56A48662B80DBDF0045675F /* LoginView.swift */,
				C56A48682B80DBF00045675F /* SignUpView.swift */,
				C56A486A2B80DDB00045675F /* ResetPasswordFindAccount.swift */,
				C56A486C2B80DDD90045675F /* ResetPasswordVerificationCode.swift */,
				C56A486E2B80DDF20045675F /* ResetPasswordNewPassword.swift */,
				C56A48712B80DE4B0045675F /* NewPassword.swift */,
				C56A48732B80DE890045675F /* SpotifyAuthentication.swift */,
			);
			path = Auth;
			sourceTree = "<group>";
		};
		C56A48752B80DEE60045675F /* Home */ = {
			isa = PBXGroup;
			children = (
				C56A487A2B80DF830045675F /* Tabs */,
				C56A48762B80DF0F0045675F /* HomeTabView.swift */,
				C56A487F2B80DFE70045675F /* ProfileView.swift */,
			);
			path = Home;
			sourceTree = "<group>";
		};
		C56A487A2B80DF830045675F /* Tabs */ = {
			isa = PBXGroup;
			children = (
				C56A48782B80DF7E0045675F /* HomeView.swift */,
				C56A487B2B80DFA70045675F /* PlaylistsView.swift */,
				C56A487D2B80DFBC0045675F /* PartiesView.swift */,
			);
			path = Tabs;
			sourceTree = "<group>";
		};
/* End PBXGroup section */

/* Begin PBXNativeTarget section */
		C56A484F2B80D9AD0045675F /* MusicRoom */ = {
			isa = PBXNativeTarget;
			buildConfigurationList = C56A485E2B80D9AE0045675F /* Build configuration list for PBXNativeTarget "MusicRoom" */;
			buildPhases = (
				C56A484C2B80D9AD0045675F /* Sources */,
				C56A484D2B80D9AD0045675F /* Frameworks */,
				C56A484E2B80D9AD0045675F /* Resources */,
			);
			buildRules = (
			);
			dependencies = (
			);
			name = MusicRoom;
			productName = MusicRoom;
			productReference = C56A48502B80D9AD0045675F /* MusicRoom.app */;
			productType = "com.apple.product-type.application";
		};
/* End PBXNativeTarget section */

/* Begin PBXProject section */
		C56A48482B80D9AD0045675F /* Project object */ = {
			isa = PBXProject;
			attributes = {
				BuildIndependentTargetsInParallel = 1;
				LastSwiftUpdateCheck = 1500;
				LastUpgradeCheck = 1500;
				TargetAttributes = {
					C56A484F2B80D9AD0045675F = {
						CreatedOnToolsVersion = 15.0;
					};
				};
			};
			buildConfigurationList = C56A484B2B80D9AD0045675F /* Build configuration list for PBXProject "MusicRoom" */;
			compatibilityVersion = "Xcode 14.0";
			developmentRegion = en;
			hasScannedForEncodings = 0;
			knownRegions = (
				en,
				Base,
			);
			mainGroup = C56A48472B80D9AD0045675F;
			productRefGroup = C56A48512B80D9AD0045675F /* Products */;
			projectDirPath = "";
			projectRoot = "";
			targets = (
				C56A484F2B80D9AD0045675F /* MusicRoom */,
			);
		};
/* End PBXProject section */

/* Begin PBXResourcesBuildPhase section */
		C56A484E2B80D9AD0045675F /* Resources */ = {
			isa = PBXResourcesBuildPhase;
			buildActionMask = 2147483647;
			files = (
				C56A485B2B80D9AE0045675F /* Preview Assets.xcassets in Resources */,
				C56A48582B80D9AE0045675F /* Assets.xcassets in Resources */,
			);
			runOnlyForDeploymentPostprocessing = 0;
		};
/* End PBXResourcesBuildPhase section */

/* Begin PBXSourcesBuildPhase section */
		C56A484C2B80D9AD0045675F /* Sources */ = {
			isa = PBXSourcesBuildPhase;
			buildActionMask = 2147483647;
			files = (
				C56A486D2B80DDD90045675F /* ResetPasswordVerificationCode.swift in Sources */,
				C56A48722B80DE4B0045675F /* NewPassword.swift in Sources */,
				C56A48562B80D9AD0045675F /* ContentView.swift in Sources */,
				C56A486B2B80DDB00045675F /* ResetPasswordFindAccount.swift in Sources */,
				C56A486F2B80DDF20045675F /* ResetPasswordNewPassword.swift in Sources */,
				C55D835E2B8377E8006C7DC8 /* ActionButton.swift in Sources */,
				C56A48792B80DF7E0045675F /* HomeView.swift in Sources */,
				C55D835C2B8376AE006C7DC8 /* OAuthButton.swift in Sources */,
				C55D83602B8379CF006C7DC8 /* PasswordField.swift in Sources */,
				C56A487C2B80DFA70045675F /* PlaylistsView.swift in Sources */,
				C56A487E2B80DFBC0045675F /* PartiesView.swift in Sources */,
				C55D83642B837B73006C7DC8 /* FieldErrorMessage.swift in Sources */,
				C56A48692B80DBF00045675F /* SignUpView.swift in Sources */,
				C56A48542B80D9AD0045675F /* MusicRoomApp.swift in Sources */,
				C56A48822B80E5F10045675F /* InputValidator.swift in Sources */,
				C56A48772B80DF0F0045675F /* HomeTabView.swift in Sources */,
				C55D835A2B836EC5006C7DC8 /* Color+Extentions.swift in Sources */,
				C56A48672B80DBDF0045675F /* LoginView.swift in Sources */,
				C56A48802B80DFE70045675F /* ProfileView.swift in Sources */,
				C56A48742B80DE890045675F /* SpotifyAuthentication.swift in Sources */,
				C55D83622B837AD0006C7DC8 /* EmailField.swift in Sources */,
			);
			runOnlyForDeploymentPostprocessing = 0;
		};
/* End PBXSourcesBuildPhase section */

/* Begin XCBuildConfiguration section */
		C56A485C2B80D9AE0045675F /* Debug */ = {
			isa = XCBuildConfiguration;
			buildSettings = {
				ALWAYS_SEARCH_USER_PATHS = NO;
				ASSETCATALOG_COMPILER_GENERATE_SWIFT_ASSET_SYMBOL_EXTENSIONS = YES;
				CLANG_ANALYZER_NONNULL = YES;
				CLANG_ANALYZER_NUMBER_OBJECT_CONVERSION = YES_AGGRESSIVE;
				CLANG_CXX_LANGUAGE_STANDARD = "gnu++20";
				CLANG_ENABLE_MODULES = YES;
				CLANG_ENABLE_OBJC_ARC = YES;
				CLANG_ENABLE_OBJC_WEAK = YES;
				CLANG_WARN_BLOCK_CAPTURE_AUTORELEASING = YES;
				CLANG_WARN_BOOL_CONVERSION = YES;
				CLANG_WARN_COMMA = YES;
				CLANG_WARN_CONSTANT_CONVERSION = YES;
				CLANG_WARN_DEPRECATED_OBJC_IMPLEMENTATIONS = YES;
				CLANG_WARN_DIRECT_OBJC_ISA_USAGE = YES_ERROR;
				CLANG_WARN_DOCUMENTATION_COMMENTS = YES;
				CLANG_WARN_EMPTY_BODY = YES;
				CLANG_WARN_ENUM_CONVERSION = YES;
				CLANG_WARN_INFINITE_RECURSION = YES;
				CLANG_WARN_INT_CONVERSION = YES;
				CLANG_WARN_NON_LITERAL_NULL_CONVERSION = YES;
				CLANG_WARN_OBJC_IMPLICIT_RETAIN_SELF = YES;
				CLANG_WARN_OBJC_LITERAL_CONVERSION = YES;
				CLANG_WARN_OBJC_ROOT_CLASS = YES_ERROR;
				CLANG_WARN_QUOTED_INCLUDE_IN_FRAMEWORK_HEADER = YES;
				CLANG_WARN_RANGE_LOOP_ANALYSIS = YES;
				CLANG_WARN_STRICT_PROTOTYPES = YES;
				CLANG_WARN_SUSPICIOUS_MOVE = YES;
				CLANG_WARN_UNGUARDED_AVAILABILITY = YES_AGGRESSIVE;
				CLANG_WARN_UNREACHABLE_CODE = YES;
				CLANG_WARN__DUPLICATE_METHOD_MATCH = YES;
				COPY_PHASE_STRIP = NO;
				DEBUG_INFORMATION_FORMAT = dwarf;
				ENABLE_STRICT_OBJC_MSGSEND = YES;
				ENABLE_TESTABILITY = YES;
				ENABLE_USER_SCRIPT_SANDBOXING = YES;
				GCC_C_LANGUAGE_STANDARD = gnu17;
				GCC_DYNAMIC_NO_PIC = NO;
				GCC_NO_COMMON_BLOCKS = YES;
				GCC_OPTIMIZATION_LEVEL = 0;
				GCC_PREPROCESSOR_DEFINITIONS = (
					"DEBUG=1",
					"$(inherited)",
				);
				GCC_WARN_64_TO_32_BIT_CONVERSION = YES;
				GCC_WARN_ABOUT_RETURN_TYPE = YES_ERROR;
				GCC_WARN_UNDECLARED_SELECTOR = YES;
				GCC_WARN_UNINITIALIZED_AUTOS = YES_AGGRESSIVE;
				GCC_WARN_UNUSED_FUNCTION = YES;
				GCC_WARN_UNUSED_VARIABLE = YES;
				IPHONEOS_DEPLOYMENT_TARGET = 17.0;
				LOCALIZATION_PREFERS_STRING_CATALOGS = YES;
				MTL_ENABLE_DEBUG_INFO = INCLUDE_SOURCE;
				MTL_FAST_MATH = YES;
				ONLY_ACTIVE_ARCH = YES;
				SDKROOT = iphoneos;
				SWIFT_ACTIVE_COMPILATION_CONDITIONS = "DEBUG $(inherited)";
				SWIFT_OPTIMIZATION_LEVEL = "-Onone";
			};
			name = Debug;
		};
		C56A485D2B80D9AE0045675F /* Release */ = {
			isa = XCBuildConfiguration;
			buildSettings = {
				ALWAYS_SEARCH_USER_PATHS = NO;
				ASSETCATALOG_COMPILER_GENERATE_SWIFT_ASSET_SYMBOL_EXTENSIONS = YES;
				CLANG_ANALYZER_NONNULL = YES;
				CLANG_ANALYZER_NUMBER_OBJECT_CONVERSION = YES_AGGRESSIVE;
				CLANG_CXX_LANGUAGE_STANDARD = "gnu++20";
				CLANG_ENABLE_MODULES = YES;
				CLANG_ENABLE_OBJC_ARC = YES;
				CLANG_ENABLE_OBJC_WEAK = YES;
				CLANG_WARN_BLOCK_CAPTURE_AUTORELEASING = YES;
				CLANG_WARN_BOOL_CONVERSION = YES;
				CLANG_WARN_COMMA = YES;
				CLANG_WARN_CONSTANT_CONVERSION = YES;
				CLANG_WARN_DEPRECATED_OBJC_IMPLEMENTATIONS = YES;
				CLANG_WARN_DIRECT_OBJC_ISA_USAGE = YES_ERROR;
				CLANG_WARN_DOCUMENTATION_COMMENTS = YES;
				CLANG_WARN_EMPTY_BODY = YES;
				CLANG_WARN_ENUM_CONVERSION = YES;
				CLANG_WARN_INFINITE_RECURSION = YES;
				CLANG_WARN_INT_CONVERSION = YES;
				CLANG_WARN_NON_LITERAL_NULL_CONVERSION = YES;
				CLANG_WARN_OBJC_IMPLICIT_RETAIN_SELF = YES;
				CLANG_WARN_OBJC_LITERAL_CONVERSION = YES;
				CLANG_WARN_OBJC_ROOT_CLASS = YES_ERROR;
				CLANG_WARN_QUOTED_INCLUDE_IN_FRAMEWORK_HEADER = YES;
				CLANG_WARN_RANGE_LOOP_ANALYSIS = YES;
				CLANG_WARN_STRICT_PROTOTYPES = YES;
				CLANG_WARN_SUSPICIOUS_MOVE = YES;
				CLANG_WARN_UNGUARDED_AVAILABILITY = YES_AGGRESSIVE;
				CLANG_WARN_UNREACHABLE_CODE = YES;
				CLANG_WARN__DUPLICATE_METHOD_MATCH = YES;
				COPY_PHASE_STRIP = NO;
				DEBUG_INFORMATION_FORMAT = "dwarf-with-dsym";
				ENABLE_NS_ASSERTIONS = NO;
				ENABLE_STRICT_OBJC_MSGSEND = YES;
				ENABLE_USER_SCRIPT_SANDBOXING = YES;
				GCC_C_LANGUAGE_STANDARD = gnu17;
				GCC_NO_COMMON_BLOCKS = YES;
				GCC_WARN_64_TO_32_BIT_CONVERSION = YES;
				GCC_WARN_ABOUT_RETURN_TYPE = YES_ERROR;
				GCC_WARN_UNDECLARED_SELECTOR = YES;
				GCC_WARN_UNINITIALIZED_AUTOS = YES_AGGRESSIVE;
				GCC_WARN_UNUSED_FUNCTION = YES;
				GCC_WARN_UNUSED_VARIABLE = YES;
				IPHONEOS_DEPLOYMENT_TARGET = 17.0;
				LOCALIZATION_PREFERS_STRING_CATALOGS = YES;
				MTL_ENABLE_DEBUG_INFO = NO;
				MTL_FAST_MATH = YES;
				SDKROOT = iphoneos;
				SWIFT_COMPILATION_MODE = wholemodule;
				VALIDATE_PRODUCT = YES;
			};
			name = Release;
		};
		C56A485F2B80D9AE0045675F /* Debug */ = {
			isa = XCBuildConfiguration;
			buildSettings = {
				ASSETCATALOG_COMPILER_APPICON_NAME = AppIcon;
				ASSETCATALOG_COMPILER_GLOBAL_ACCENT_COLOR_NAME = AccentColor;
				CODE_SIGN_STYLE = Automatic;
				CURRENT_PROJECT_VERSION = 1;
				DEVELOPMENT_ASSET_PATHS = "\"MusicRoom/Preview Content\"";
				DEVELOPMENT_TEAM = P57KUX42FG;
				ENABLE_PREVIEWS = YES;
				GENERATE_INFOPLIST_FILE = YES;
				INFOPLIST_KEY_UIApplicationSceneManifest_Generation = YES;
				INFOPLIST_KEY_UIApplicationSupportsIndirectInputEvents = YES;
				INFOPLIST_KEY_UILaunchScreen_Generation = YES;
				INFOPLIST_KEY_UISupportedInterfaceOrientations_iPad = "UIInterfaceOrientationPortrait UIInterfaceOrientationPortraitUpsideDown UIInterfaceOrientationLandscapeLeft UIInterfaceOrientationLandscapeRight";
				INFOPLIST_KEY_UISupportedInterfaceOrientations_iPhone = "UIInterfaceOrientationPortrait UIInterfaceOrientationLandscapeLeft UIInterfaceOrientationLandscapeRight";
				LD_RUNPATH_SEARCH_PATHS = (
					"$(inherited)",
					"@executable_path/Frameworks",
				);
				MARKETING_VERSION = 1.0;
				PRODUCT_BUNDLE_IDENTIFIER = com.hakamdev.MusicRoom;
				PRODUCT_NAME = "$(TARGET_NAME)";
				SWIFT_EMIT_LOC_STRINGS = YES;
				SWIFT_VERSION = 5.0;
				TARGETED_DEVICE_FAMILY = "1,2";
			};
			name = Debug;
		};
		C56A48602B80D9AE0045675F /* Release */ = {
			isa = XCBuildConfiguration;
			buildSettings = {
				ASSETCATALOG_COMPILER_APPICON_NAME = AppIcon;
				ASSETCATALOG_COMPILER_GLOBAL_ACCENT_COLOR_NAME = AccentColor;
				CODE_SIGN_STYLE = Automatic;
				CURRENT_PROJECT_VERSION = 1;
				DEVELOPMENT_ASSET_PATHS = "\"MusicRoom/Preview Content\"";
				DEVELOPMENT_TEAM = P57KUX42FG;
				ENABLE_PREVIEWS = YES;
				GENERATE_INFOPLIST_FILE = YES;
				INFOPLIST_KEY_UIApplicationSceneManifest_Generation = YES;
				INFOPLIST_KEY_UIApplicationSupportsIndirectInputEvents = YES;
				INFOPLIST_KEY_UILaunchScreen_Generation = YES;
				INFOPLIST_KEY_UISupportedInterfaceOrientations_iPad = "UIInterfaceOrientationPortrait UIInterfaceOrientationPortraitUpsideDown UIInterfaceOrientationLandscapeLeft UIInterfaceOrientationLandscapeRight";
				INFOPLIST_KEY_UISupportedInterfaceOrientations_iPhone = "UIInterfaceOrientationPortrait UIInterfaceOrientationLandscapeLeft UIInterfaceOrientationLandscapeRight";
				LD_RUNPATH_SEARCH_PATHS = (
					"$(inherited)",
					"@executable_path/Frameworks",
				);
				MARKETING_VERSION = 1.0;
				PRODUCT_BUNDLE_IDENTIFIER = com.hakamdev.MusicRoom;
				PRODUCT_NAME = "$(TARGET_NAME)";
				SWIFT_EMIT_LOC_STRINGS = YES;
				SWIFT_VERSION = 5.0;
				TARGETED_DEVICE_FAMILY = "1,2";
			};
			name = Release;
		};
/* End XCBuildConfiguration section */

/* Begin XCConfigurationList section */
		C56A484B2B80D9AD0045675F /* Build configuration list for PBXProject "MusicRoom" */ = {
			isa = XCConfigurationList;
			buildConfigurations = (
				C56A485C2B80D9AE0045675F /* Debug */,
				C56A485D2B80D9AE0045675F /* Release */,
			);
			defaultConfigurationIsVisible = 0;
			defaultConfigurationName = Release;
		};
		C56A485E2B80D9AE0045675F /* Build configuration list for PBXNativeTarget "MusicRoom" */ = {
			isa = XCConfigurationList;
			buildConfigurations = (
				C56A485F2B80D9AE0045675F /* Debug */,
				C56A48602B80D9AE0045675F /* Release */,
			);
			defaultConfigurationIsVisible = 0;
			defaultConfigurationName = Release;
		};
/* End XCConfigurationList section */
	};
	rootObject = C56A48482B80D9AD0045675F /* Project object */;
}
